{
  "name": "shopapp.web",
  "version": "1.0.0",
  "lockfileVersion": 3,
  "requires": true,
  "packages": {
    "": {
      "name": "shopapp.web",
      "version": "1.0.0",
      "license": "ISC",
      "dependencies": {
        "@ckeditor/ckeditor5-ckfinder": "^39.0.1",
        "@fortawesome/fontawesome-free": "^6.4.0",
        "@popperjs/core": "^2.11.8",
        "bootstrap": "^5.3.1",
        "ckeditor": "^4.12.1",
        "ckeditor5": "^39.0.1",
        "jquery-validation": "^1.19.5",
        "jquery-validation-unobtrusive": "^4.0.0",
        "owl.carousel": "^2.3.4"
      }
    },
    "node_modules/@ckeditor/ckeditor5-ckfinder": {
      "version": "39.0.1",
      "resolved": "https://registry.npmjs.org/@ckeditor/ckeditor5-ckfinder/-/ckeditor5-ckfinder-39.0.1.tgz",
      "integrity": "sha512-quk3bdw4hZP7OOiV8UwwEZkH/NAPyfTg4msAoZLVH7M0/NlWp0r/36x+Pw7G1bt/LYw2RqHfjLI/zhx7ZOL7Zw==",
      "dependencies": {
        "ckeditor5": "39.0.1"
      },
      "engines": {
        "node": ">=16.0.0",
        "npm": ">=5.7.1"
      }
    },
    "node_modules/@ckeditor/ckeditor5-clipboard": {
      "version": "39.0.1",
      "resolved": "https://registry.npmjs.org/@ckeditor/ckeditor5-clipboard/-/ckeditor5-clipboard-39.0.1.tgz",
      "integrity": "sha512-OIlIvsiz6YTZM8o1Y1zG9eW9rUx06Bs3rMbMv37kNN1vq145D9h0OQt0iPKw1eXAG387Sk+SWZhO+Um+/O3eGw==",
      "dependencies": {
        "@ckeditor/ckeditor5-core": "39.0.1",
        "@ckeditor/ckeditor5-engine": "39.0.1",
        "@ckeditor/ckeditor5-ui": "39.0.1",
        "@ckeditor/ckeditor5-utils": "39.0.1",
        "@ckeditor/ckeditor5-widget": "39.0.1",
        "lodash-es": "4.17.21"
      },
      "engines": {
        "node": ">=16.0.0",
        "npm": ">=5.7.1"
      }
    },
    "node_modules/@ckeditor/ckeditor5-core": {
      "version": "39.0.1",
      "resolved": "https://registry.npmjs.org/@ckeditor/ckeditor5-core/-/ckeditor5-core-39.0.1.tgz",
      "integrity": "sha512-3hva3sRdDS2TLDhQNKgnJmpdXhuaod5tooDI/vnaiK+kduqy3nPuWI0qHtFpMhe7dlQWPZSI9ZhS/7cfFQ4CUg==",
      "dependencies": {
        "@ckeditor/ckeditor5-engine": "39.0.1",
        "@ckeditor/ckeditor5-utils": "39.0.1",
        "lodash-es": "4.17.21"
      },
      "engines": {
        "node": ">=16.0.0",
        "npm": ">=5.7.1"
      }
    },
    "node_modules/@ckeditor/ckeditor5-engine": {
      "version": "39.0.1",
      "resolved": "https://registry.npmjs.org/@ckeditor/ckeditor5-engine/-/ckeditor5-engine-39.0.1.tgz",
      "integrity": "sha512-QWyx1vO7+UO3rVIx9o1M7q05ghu1T+E4ugnzlcjLx+TiRLBH280M5RmxZ5gE8HjTSIabGDK1M0kmskL+wl2nDw==",
      "dependencies": {
        "@ckeditor/ckeditor5-utils": "39.0.1",
        "lodash-es": "4.17.21"
      },
      "engines": {
        "node": ">=16.0.0",
        "npm": ">=5.7.1"
      }
    },
    "node_modules/@ckeditor/ckeditor5-enter": {
      "version": "39.0.1",
      "resolved": "https://registry.npmjs.org/@ckeditor/ckeditor5-enter/-/ckeditor5-enter-39.0.1.tgz",
      "integrity": "sha512-4gF0CFbEgZowQGmcyKP9KKBKOk67bdQIP5y71QvDgP6rUdbOQ5NDAS3FKis6a2Aubhtg92BO4QC6tZADPiW3hA==",
      "dependencies": {
        "@ckeditor/ckeditor5-core": "39.0.1",
        "@ckeditor/ckeditor5-engine": "39.0.1",
        "@ckeditor/ckeditor5-utils": "39.0.1"
      },
      "engines": {
        "node": ">=16.0.0",
        "npm": ">=5.7.1"
      }
    },
    "node_modules/@ckeditor/ckeditor5-paragraph": {
      "version": "39.0.1",
      "resolved": "https://registry.npmjs.org/@ckeditor/ckeditor5-paragraph/-/ckeditor5-paragraph-39.0.1.tgz",
      "integrity": "sha512-zKYtpka2X8uR6bTiCXecwl86XKQ8ngk7Hm3UkmptDSfBDOp9PpFCeA3i8m1soFvT2OcdxQYbuAcd9TwoV/HY0g==",
      "dependencies": {
        "@ckeditor/ckeditor5-core": "39.0.1",
        "@ckeditor/ckeditor5-ui": "39.0.1",
        "@ckeditor/ckeditor5-utils": "39.0.1"
      },
      "engines": {
        "node": ">=16.0.0",
        "npm": ">=5.7.1"
      }
    },
    "node_modules/@ckeditor/ckeditor5-select-all": {
      "version": "39.0.1",
      "resolved": "https://registry.npmjs.org/@ckeditor/ckeditor5-select-all/-/ckeditor5-select-all-39.0.1.tgz",
      "integrity": "sha512-Q4BwezfYmZEwODecoxXc2+2UNUkx/Gu5n7jZH/2kKNBVFwb3iVIun9tj5Q1+093FKjmLA46maYsG5HIG6eArTg==",
      "dependencies": {
        "@ckeditor/ckeditor5-core": "39.0.1",
        "@ckeditor/ckeditor5-ui": "39.0.1",
        "@ckeditor/ckeditor5-utils": "39.0.1"
      },
      "engines": {
        "node": ">=16.0.0",
        "npm": ">=5.7.1"
      }
    },
    "node_modules/@ckeditor/ckeditor5-typing": {
      "version": "39.0.1",
      "resolved": "https://registry.npmjs.org/@ckeditor/ckeditor5-typing/-/ckeditor5-typing-39.0.1.tgz",
      "integrity": "sha512-bfMGH3IKj8LdhzfMpfOFUlnCPkpGQhl1HN2oF2g7EViOfuDKM4A2GboUIEqRP2C3tkwtHK5zM55Rdbd71DAQPQ==",
      "dependencies": {
        "@ckeditor/ckeditor5-core": "39.0.1",
        "@ckeditor/ckeditor5-engine": "39.0.1",
        "@ckeditor/ckeditor5-utils": "39.0.1",
        "lodash-es": "4.17.21"
      },
      "engines": {
        "node": ">=16.0.0",
        "npm": ">=5.7.1"
      }
    },
    "node_modules/@ckeditor/ckeditor5-ui": {
      "version": "39.0.1",
      "resolved": "https://registry.npmjs.org/@ckeditor/ckeditor5-ui/-/ckeditor5-ui-39.0.1.tgz",
      "integrity": "sha512-6mBZNfMVSjyNb3HHyjJFwrR2rvmTuH1JSc+ebuulw5knYQmDaeCaS4tiYmOVcGGz/WcrAYRQAtSGrfZmuLesMQ==",
      "dependencies": {
        "@ckeditor/ckeditor5-core": "39.0.1",
        "@ckeditor/ckeditor5-utils": "39.0.1",
        "color-convert": "2.0.1",
        "color-parse": "1.4.2",
        "lodash-es": "4.17.21",
        "vanilla-colorful": "0.7.2"
      },
      "engines": {
        "node": ">=16.0.0",
        "npm": ">=5.7.1"
      }
    },
    "node_modules/@ckeditor/ckeditor5-undo": {
      "version": "39.0.1",
      "resolved": "https://registry.npmjs.org/@ckeditor/ckeditor5-undo/-/ckeditor5-undo-39.0.1.tgz",
      "integrity": "sha512-fgI5zNylzuiT2EitHm9ZVaAXB27JxOmONe51tSe9aUQoUkFLHau0HJfTNpKgHQTEPXMxhUPzH09xvj7QEc94Pg==",
      "dependencies": {
        "@ckeditor/ckeditor5-core": "39.0.1",
        "@ckeditor/ckeditor5-engine": "39.0.1",
        "@ckeditor/ckeditor5-ui": "39.0.1"
      },
      "engines": {
        "node": ">=16.0.0",
        "npm": ">=5.7.1"
      }
    },
    "node_modules/@ckeditor/ckeditor5-upload": {
      "version": "39.0.1",
      "resolved": "https://registry.npmjs.org/@ckeditor/ckeditor5-upload/-/ckeditor5-upload-39.0.1.tgz",
      "integrity": "sha512-VVVWErIHRnw5kw00t8OYLxHDgSE1ywtoy/Zih0GJVxe882jIfajPj7KdZUjylfZuPeQnp1kAIpoe+WX3scvxFQ==",
      "dependencies": {
        "@ckeditor/ckeditor5-core": "39.0.1",
        "@ckeditor/ckeditor5-ui": "39.0.1",
        "@ckeditor/ckeditor5-utils": "39.0.1"
      },
      "engines": {
        "node": ">=16.0.0",
        "npm": ">=5.7.1"
      }
    },
    "node_modules/@ckeditor/ckeditor5-utils": {
      "version": "39.0.1",
      "resolved": "https://registry.npmjs.org/@ckeditor/ckeditor5-utils/-/ckeditor5-utils-39.0.1.tgz",
      "integrity": "sha512-lQ+1h4FgUScEdk547uCzfdvajFigVt4u0mRw1m9TtJ3B2GiatwRvst8TZEuWl8aFrIHjQ/gho66QIElJi/6+CA==",
      "dependencies": {
        "lodash-es": "4.17.21"
      },
      "engines": {
        "node": ">=16.0.0",
        "npm": ">=5.7.1"
      }
    },
    "node_modules/@ckeditor/ckeditor5-watchdog": {
      "version": "39.0.1",
      "resolved": "https://registry.npmjs.org/@ckeditor/ckeditor5-watchdog/-/ckeditor5-watchdog-39.0.1.tgz",
      "integrity": "sha512-f5Uo0RdcbeKGs0gmBm8Y8c+Z9YgcjqX7ai4vdcw8HIEc0vCeEanPt816V53nLZ3LbPgez8LeWluR7VlzoxKO+g==",
      "dependencies": {
        "lodash-es": "4.17.21"
      },
      "engines": {
        "node": ">=16.0.0",
        "npm": ">=5.7.1"
      }
    },
    "node_modules/@ckeditor/ckeditor5-widget": {
      "version": "39.0.1",
      "resolved": "https://registry.npmjs.org/@ckeditor/ckeditor5-widget/-/ckeditor5-widget-39.0.1.tgz",
      "integrity": "sha512-rd4ojJcdZQJttrrDogycDa+sb/rtKu9sU7G0+QEoJZXD25WjxIEgjyOoIqfv2UZZrZDX/0u8dviGhPbcbQEEnw==",
      "dependencies": {
        "@ckeditor/ckeditor5-core": "39.0.1",
        "@ckeditor/ckeditor5-engine": "39.0.1",
        "@ckeditor/ckeditor5-enter": "39.0.1",
        "@ckeditor/ckeditor5-typing": "39.0.1",
        "@ckeditor/ckeditor5-ui": "39.0.1",
        "@ckeditor/ckeditor5-utils": "39.0.1",
        "lodash-es": "4.17.21"
      },
      "engines": {
        "node": ">=16.0.0",
        "npm": ">=5.7.1"
      }
    },
    "node_modules/@fortawesome/fontawesome-free": {
      "version": "6.4.0",
      "resolved": "https://registry.npmjs.org/@fortawesome/fontawesome-free/-/fontawesome-free-6.4.0.tgz",
      "integrity": "sha512-0NyytTlPJwB/BF5LtRV8rrABDbe3TdTXqNB3PdZ+UUUZAEIrdOJdmABqKjt4AXwIoJNaRVVZEXxpNrqvE1GAYQ==",
      "hasInstallScript": true,
      "engines": {
        "node": ">=6"
      }
    },
    "node_modules/@popperjs/core": {
      "version": "2.11.8",
      "resolved": "https://registry.npmjs.org/@popperjs/core/-/core-2.11.8.tgz",
      "integrity": "sha512-P1st0aksCrn9sGZhp8GMYwBnQsbvAWsZAX44oXNNvLHGqAOcoVxmjZiohstwQ7SqKnbR47akdNi+uleWD8+g6A==",
      "funding": {
        "type": "opencollective",
        "url": "https://opencollective.com/popperjs"
      }
    },
    "node_modules/bootstrap": {
      "version": "5.3.1",
      "resolved": "https://registry.npmjs.org/bootstrap/-/bootstrap-5.3.1.tgz",
      "integrity": "sha512-jzwza3Yagduci2x0rr9MeFSORjcHpt0lRZukZPZQJT1Dth5qzV7XcgGqYzi39KGAVYR8QEDVoO0ubFKOxzMG+g==",
      "funding": [
        {
          "type": "github",
          "url": "https://github.com/sponsors/twbs"
        },
        {
          "type": "opencollective",
          "url": "https://opencollective.com/bootstrap"
        }
      ],
      "peerDependencies": {
        "@popperjs/core": "^2.11.8"
      }
    },
    "node_modules/ckeditor": {
      "version": "4.12.1",
      "resolved": "https://registry.npmjs.org/ckeditor/-/ckeditor-4.12.1.tgz",
      "integrity": "sha512-pH2Su4oi0D4iN/3U8nUcwI7/lXHoOJi0aiN8e2zxnm4Ow5kq8eZP2ZGmpYyuqRyKZ2tHaU8+OyYi7laXcjiq9Q==",
      "deprecated": "We have renamed the @ckeditor package. New versions are available under the @ckeditor4 name."
    },
    "node_modules/ckeditor5": {
      "version": "39.0.1",
      "resolved": "https://registry.npmjs.org/ckeditor5/-/ckeditor5-39.0.1.tgz",
      "integrity": "sha512-KU6P0U9HQdsj7YBNZyG72ii+LNjIuWqxwdhlcd+QN11urQSDzoC6OjnqtDZ2Q3dQvwYf2aN9kDwUA9ElQ1krIg==",
      "dependencies": {
        "@ckeditor/ckeditor5-clipboard": "39.0.1",
        "@ckeditor/ckeditor5-core": "39.0.1",
        "@ckeditor/ckeditor5-engine": "39.0.1",
        "@ckeditor/ckeditor5-enter": "39.0.1",
        "@ckeditor/ckeditor5-paragraph": "39.0.1",
        "@ckeditor/ckeditor5-select-all": "39.0.1",
        "@ckeditor/ckeditor5-typing": "39.0.1",
        "@ckeditor/ckeditor5-ui": "39.0.1",
        "@ckeditor/ckeditor5-undo": "39.0.1",
        "@ckeditor/ckeditor5-upload": "39.0.1",
        "@ckeditor/ckeditor5-utils": "39.0.1",
        "@ckeditor/ckeditor5-watchdog": "39.0.1",
        "@ckeditor/ckeditor5-widget": "39.0.1"
      },
      "engines": {
        "node": ">=16.0.0",
        "npm": ">=5.7.1"
      }
    },
    "node_modules/color-convert": {
      "version": "2.0.1",
      "resolved": "https://registry.npmjs.org/color-convert/-/color-convert-2.0.1.tgz",
      "integrity": "sha512-RRECPsj7iu/xb5oKYcsFHSppFNnsj/52OVTRKb4zP5onXwVF3zVmmToNcOfGC+CRDpfK/U584fMg38ZHCaElKQ==",
      "dependencies": {
        "color-name": "~1.1.4"
      },
      "engines": {
        "node": ">=7.0.0"
      }
    },
    "node_modules/color-name": {
      "version": "1.1.4",
      "resolved": "https://registry.npmjs.org/color-name/-/color-name-1.1.4.tgz",
      "integrity": "sha512-dOy+3AuW3a2wNbZHIuMZpTcgjGuLU/uBL/ubcZF9OXbDo8ff4O8yVp5Bf0efS8uEoYo5q4Fx7dY9OgQGXgAsQA=="
    },
    "node_modules/color-parse": {
      "version": "1.4.2",
      "resolved": "https://registry.npmjs.org/color-parse/-/color-parse-1.4.2.tgz",
      "integrity": "sha512-RI7s49/8yqDj3fECFZjUI1Yi0z/Gq1py43oNJivAIIDSyJiOZLfYCRQEgn8HEVAj++PcRe8AnL2XF0fRJ3BTnA==",
      "dependencies": {
        "color-name": "^1.0.0"
      }
    },
    "node_modules/jquery": {
      "version": "3.7.0",
      "resolved": "https://registry.npmjs.org/jquery/-/jquery-3.7.0.tgz",
      "integrity": "sha512-umpJ0/k8X0MvD1ds0P9SfowREz2LenHsQaxSohMZ5OMNEU2r0tf8pdeEFTHMFxWVxKNyU9rTtK3CWzUCTKJUeQ=="
    },
    "node_modules/jquery-validation": {
      "version": "1.19.5",
      "resolved": "https://registry.npmjs.org/jquery-validation/-/jquery-validation-1.19.5.tgz",
      "integrity": "sha512-X2SmnPq1mRiDecVYL8edWx+yTBZDyC8ohWXFhXdtqFHgU9Wd4KHkvcbCoIZ0JaSaumzS8s2gXSkP8F7ivg/8ZQ==",
      "peerDependencies": {
        "jquery": "^1.7 || ^2.0 || ^3.1"
      }
    },
    "node_modules/jquery-validation-unobtrusive": {
      "version": "4.0.0",
      "resolved": "https://registry.npmjs.org/jquery-validation-unobtrusive/-/jquery-validation-unobtrusive-4.0.0.tgz",
      "integrity": "sha512-1ervYFFv6LX/rp7ktuLnMakHNG0piNRDyROI8Ir3hL1vPIwylAehB1AY3BPrYJnzW3WmwWryZq+Bz4sazZK9iQ==",
      "dependencies": {
        "jquery": "^3.6.0",
        "jquery-validation": ">=1.19"
      }
    },
    "node_modules/lodash-es": {
      "version": "4.17.21",
      "resolved": "https://registry.npmjs.org/lodash-es/-/lodash-es-4.17.21.tgz",
      "integrity": "sha512-mKnC+QJ9pWVzv+C4/U3rRsHapFfHvQFoFB92e52xeyGMcX6/OlIl78je1u8vePzYZSkkogMPJ2yjxxsb89cxyw=="
    },
    "node_modules/owl.carousel": {
      "version": "2.3.4",
      "resolved": "https://registry.npmjs.org/owl.carousel/-/owl.carousel-2.3.4.tgz",
      "integrity": "sha512-JaDss9+feAvEW8KZppPSpllfposEzQiW+Ytt/Xm5t/3CTJ7YVmkh6RkWixoA2yXk2boIwedYxOvrrppIGzru9A==",
      "dependencies": {
        "jquery": ">=1.8.3"
      }
    },
    "node_modules/vanilla-colorful": {
      "version": "0.7.2",
      "resolved": "https://registry.npmjs.org/vanilla-colorful/-/vanilla-colorful-0.7.2.tgz",
      "integrity": "sha512-z2YZusTFC6KnLERx1cgoIRX2CjPRP0W75N+3CC6gbvdX5Ch47rZkEMGO2Xnf+IEmi3RiFLxS18gayMA27iU7Kg=="
    }
  }
}
